
Microsoft Visual Studio Solution File, Format Version 12.00
# Visual Studio Version 16
VisualStudioVersion = 16.0.29519.181
MinimumVisualStudioVersion = 10.0.40219.1
Project("{9A19103F-16F7-4668-BE54-9A1E7A4F7556}") = "SiapControl", "SiapControl.csproj", "{A20FE0E4-F991-4CCD-A3FA-1532A658BDCC}"
EndProject
Project("{9A19103F-16F7-4668-BE54-9A1E7A4F7556}") = "SiapControl.Tests", "SiapControl.Tests\SiapControl.Tests.csproj", "{FB5731D5-EEC1-4518-BF45-076D30EE13FF}"
EndProject
Global
	GlobalSection(SolutionConfigurationPlatforms) = preSolution
		Debug|Any CPU = Debug|Any CPU
		Release|Any CPU = Release|Any CPU
	EndGlobalSection
        GlobalSection(ProjectConfigurationPlatforms) = postSolution
                {A20FE0E4-F991-4CCD-A3FA-1532A658BDCC}.Debug|Any CPU.ActiveCfg = Debug|Any CPU
                {A20FE0E4-F991-4CCD-A3FA-1532A658BDCC}.Debug|Any CPU.Build.0 = Debug|Any CPU
                {A20FE0E4-F991-4CCD-A3FA-1532A658BDCC}.Release|Any CPU.ActiveCfg = Release|Any CPU
                {A20FE0E4-F991-4CCD-A3FA-1532A658BDCC}.Release|Any CPU.Build.0 = Release|Any CPU
                {FB5731D5-EEC1-4518-BF45-076D30EE13FF}.Debug|Any CPU.ActiveCfg = Debug|Any CPU
                {FB5731D5-EEC1-4518-BF45-076D30EE13FF}.Debug|Any CPU.Build.0 = Debug|Any CPU
                {FB5731D5-EEC1-4518-BF45-076D30EE13FF}.Release|Any CPU.ActiveCfg = Release|Any CPU
                {FB5731D5-EEC1-4518-BF45-076D30EE13FF}.Release|Any CPU.Build.0 = Release|Any CPU
        EndGlobalSection
	GlobalSection(SolutionProperties) = preSolution
		HideSolutionNode = FALSE
	EndGlobalSection
	GlobalSection(ExtensibilityGlobals) = postSolution
		SolutionGuid = {8DDBF5B9-2ABF-4521-847D-AD837B24DCE1}
	EndGlobalSection
EndGlobal
